
Microsoft Visual Studio Solution File, Format Version 12.00
# Visual Studio Version 17
VisualStudioVersion = 17.6.33829.357
MinimumVisualStudioVersion = 10.0.40219.1
Project("{FAE04EC0-301F-11D3-BF4B-00C04F79EFBC}") = "FinancasApp.Presentation", "FinancasApp.Presentation\FinancasApp.Presentation.csproj", "{D67CF6C8-E965-4198-97D6-48F0E6B9AA41}"
EndProject
Global
	GlobalSection(SolutionConfigurationPlatforms) = preSolution
		Debug|Any CPU = Debug|Any CPU
		Release|Any CPU = Release|Any CPU
	EndGlobalSection
	GlobalSection(ProjectConfigurationPlatforms) = postSolution
		{D67CF6C8-E965-4198-97D6-48F0E6B9AA41}.Debug|Any CPU.ActiveCfg = Debug|Any CPU
		{D67CF6C8-E965-4198-97D6-48F0E6B9AA41}.Debug|Any CPU.Build.0 = Debug|Any CPU
		{D67CF6C8-E965-4198-97D6-48F0E6B9AA41}.Release|Any CPU.ActiveCfg = Release|Any CPU
		{D67CF6C8-E965-4198-97D6-48F0E6B9AA41}.Release|Any CPU.Build.0 = Release|Any CPU
	EndGlobalSection
	GlobalSection(SolutionProperties) = preSolution
		HideSolutionNode = FALSE
	EndGlobalSection
	GlobalSection(ExtensibilityGlobals) = postSolution
		SolutionGuid = {8F3A8353-0AB4-4D19-8F98-AF3441CD9759}
	EndGlobalSection
EndGlobal
